
Microsoft Visual Studio Solution File, Format Version 12.00
# Visual Studio 14
VisualStudioVersion = 14.0.25420.1
MinimumVisualStudioVersion = 10.0.40219.1
Project("{FAE04EC0-301F-11D3-BF4B-00C04F79EFBC}") = "demo3.1", "demo3.1\demo3.1.csproj", "{FD48FF9E-0302-4AC0-A405-7FCC2A41F47E}"
EndProject
Global
	GlobalSection(SolutionConfigurationPlatforms) = preSolution
		Debug|Any CPU = Debug|Any CPU
		Release|Any CPU = Release|Any CPU
	EndGlobalSection
	GlobalSection(ProjectConfigurationPlatforms) = postSolution
		{FD48FF9E-0302-4AC0-A405-7FCC2A41F47E}.Debug|Any CPU.ActiveCfg = Debug|Any CPU
		{FD48FF9E-0302-4AC0-A405-7FCC2A41F47E}.Debug|Any CPU.Build.0 = Debug|Any CPU
		{FD48FF9E-0302-4AC0-A405-7FCC2A41F47E}.Release|Any CPU.ActiveCfg = Release|Any CPU
		{FD48FF9E-0302-4AC0-A405-7FCC2A41F47E}.Release|Any CPU.Build.0 = Release|Any CPU
	EndGlobalSection
	GlobalSection(SolutionProperties) = preSolution
		HideSolutionNode = FALSE
	EndGlobalSection
EndGlobal
